
Microsoft Visual Studio Solution File, Format Version 12.00
# Visual Studio Version 17
VisualStudioVersion = 17.4.33110.190
MinimumVisualStudioVersion = 10.0.40219.1
Project("{FAE04EC0-301F-11D3-BF4B-00C04F79EFBC}") = "DBtest", "DBtest\DBtest.csproj", "{F9E704AA-4D5A-4147-8857-CAD68C2FD191}"
EndProject
Project("{FAE04EC0-301F-11D3-BF4B-00C04F79EFBC}") = "n", "n1\n.csproj", "{BB134DBB-6060-4C4F-9932-03CA29031EA7}"
EndProject
Project("{FAE04EC0-301F-11D3-BF4B-00C04F79EFBC}") = "n1", "view\n1.csproj", "{534D736E-AF35-4E6B-806B-A492FFFE651A}"
EndProject
Global
	GlobalSection(SolutionConfigurationPlatforms) = preSolution
		Debug|Any CPU = Debug|Any CPU
		Release|Any CPU = Release|Any CPU
	EndGlobalSection
	GlobalSection(ProjectConfigurationPlatforms) = postSolution
		{F9E704AA-4D5A-4147-8857-CAD68C2FD191}.Debug|Any CPU.ActiveCfg = Debug|Any CPU
		{F9E704AA-4D5A-4147-8857-CAD68C2FD191}.Debug|Any CPU.Build.0 = Debug|Any CPU
		{F9E704AA-4D5A-4147-8857-CAD68C2FD191}.Release|Any CPU.ActiveCfg = Release|Any CPU
		{F9E704AA-4D5A-4147-8857-CAD68C2FD191}.Release|Any CPU.Build.0 = Release|Any CPU
		{BB134DBB-6060-4C4F-9932-03CA29031EA7}.Debug|Any CPU.ActiveCfg = Debug|Any CPU
		{BB134DBB-6060-4C4F-9932-03CA29031EA7}.Debug|Any CPU.Build.0 = Debug|Any CPU
		{BB134DBB-6060-4C4F-9932-03CA29031EA7}.Release|Any CPU.ActiveCfg = Release|Any CPU
		{BB134DBB-6060-4C4F-9932-03CA29031EA7}.Release|Any CPU.Build.0 = Release|Any CPU
		{534D736E-AF35-4E6B-806B-A492FFFE651A}.Debug|Any CPU.ActiveCfg = Debug|Any CPU
		{534D736E-AF35-4E6B-806B-A492FFFE651A}.Debug|Any CPU.Build.0 = Debug|Any CPU
		{534D736E-AF35-4E6B-806B-A492FFFE651A}.Release|Any CPU.ActiveCfg = Release|Any CPU
		{534D736E-AF35-4E6B-806B-A492FFFE651A}.Release|Any CPU.Build.0 = Release|Any CPU
	EndGlobalSection
	GlobalSection(SolutionProperties) = preSolution
		HideSolutionNode = FALSE
	EndGlobalSection
	GlobalSection(ExtensibilityGlobals) = postSolution
		SolutionGuid = {5208C9F5-45A6-41CC-93DB-193B64CDEEA5}
	EndGlobalSection
EndGlobal
